{
  "requires": true,
  "lockfileVersion": 1,
  "dependencies": {
    "airport-autocomplete-js": {
      "version": "2.1.1",
      "resolved": "https://registry.npmjs.org/airport-autocomplete-js/-/airport-autocomplete-js-2.1.1.tgz",
      "integrity": "sha512-ZjP+3cTXdlG6kg2zZJAEtigVFsqv3gorXYqg/bwZhy2fNamrKFn3WMDA2OnUJqQQvAk5u1b//NMTvLAt6/ax0g==",
      "requires": {
        "eslint-plugin-prettier": "3.0.1",
        "fuse.js": "^3.2.1"
      }
    },
    "eslint-plugin-prettier": {
      "version": "3.0.1",
      "resolved": "https://registry.npmjs.org/eslint-plugin-prettier/-/eslint-plugin-prettier-3.0.1.tgz",
      "integrity": "sha512-/PMttrarPAY78PLvV3xfWibMOdMDl57hmlQ2XqFeA37wd+CJ7WSxV7txqjVPHi/AAFKd2lX0ZqfsOc/i5yFCSQ==",
      "requires": {
        "prettier-linter-helpers": "^1.0.0"
      }
    },
    "fast-diff": {
      "version": "1.2.0",
      "resolved": "https://registry.npmjs.org/fast-diff/-/fast-diff-1.2.0.tgz",
      "integrity": "sha512-xJuoT5+L99XlZ8twedaRf6Ax2TgQVxvgZOYoPKqZufmJib0tL2tegPBOZb1pVNgIhlqDlA0eO0c3wBvQcmzx4w=="
    },
    "fuse.js": {
      "version": "3.4.5",
      "resolved": "https://registry.npmjs.org/fuse.js/-/fuse.js-3.4.5.tgz",
      "integrity": "sha512-s9PGTaQIkT69HaeoTVjwGsLfb8V8ScJLx5XGFcKHg0MqLUH/UZ4EKOtqtXX9k7AFqCGxD1aJmYb8Q5VYDibVRQ=="
    },
    "prettier-linter-helpers": {
      "version": "1.0.0",
      "resolved": "https://registry.npmjs.org/prettier-linter-helpers/-/prettier-linter-helpers-1.0.0.tgz",
      "integrity": "sha512-GbK2cP9nraSSUF9N2XwUwqfzlAFlMNYYl+ShE/V+H8a9uNl/oUqB1w2EL54Jh0OlyRSd8RfWYJ3coVS4TROP2w==",
      "requires": {
        "fast-diff": "^1.1.2"
      }
    }
  }
}
